
Microsoft Visual Studio Solution File, Format Version 12.00
# Visual Studio 15
VisualStudioVersion = 15.0.28307.438
MinimumVisualStudioVersion = 10.0.40219.1
Project("{FAE04EC0-301F-11D3-BF4B-00C04F79EFBC}") = "Biscuit", "Biscuit\Biscuit.csproj", "{9F5D733F-B7C6-4337-9368-D0A6BC959B23}"
EndProject
Project("{FAE04EC0-301F-11D3-BF4B-00C04F79EFBC}") = "Widgets", "Widgets\Widgets.csproj", "{7A58AAD5-8BCC-4CBB-AE1B-1B086168645D}"
EndProject
Project("{FAE04EC0-301F-11D3-BF4B-00C04F79EFBC}") = "Voiture", "Voiture\Voiture.csproj", "{202A9C31-FB0C-44A5-B515-226C71F1C211}"
EndProject
Project("{FAE04EC0-301F-11D3-BF4B-00C04F79EFBC}") = "MonopolyBanque", "MonopolyBanque\MonopolyBanque.csproj", "{4E3F9ED3-77A4-4ABB-8871-1B589E8D1457}"
EndProject
Project("{FAE04EC0-301F-11D3-BF4B-00C04F79EFBC}") = "MonopolyPropriete", "MonopolyPropriete\MonopolyPropriete.csproj", "{2196457C-5B3A-4C1A-90B2-B0FB11D0D2CB}"
EndProject
Global
	GlobalSection(SolutionConfigurationPlatforms) = preSolution
		Debug|Any CPU = Debug|Any CPU
		Release|Any CPU = Release|Any CPU
	EndGlobalSection
	GlobalSection(ProjectConfigurationPlatforms) = postSolution
		{9F5D733F-B7C6-4337-9368-D0A6BC959B23}.Debug|Any CPU.ActiveCfg = Debug|Any CPU
		{9F5D733F-B7C6-4337-9368-D0A6BC959B23}.Debug|Any CPU.Build.0 = Debug|Any CPU
		{9F5D733F-B7C6-4337-9368-D0A6BC959B23}.Release|Any CPU.ActiveCfg = Release|Any CPU
		{9F5D733F-B7C6-4337-9368-D0A6BC959B23}.Release|Any CPU.Build.0 = Release|Any CPU
		{7A58AAD5-8BCC-4CBB-AE1B-1B086168645D}.Debug|Any CPU.ActiveCfg = Debug|Any CPU
		{7A58AAD5-8BCC-4CBB-AE1B-1B086168645D}.Debug|Any CPU.Build.0 = Debug|Any CPU
		{7A58AAD5-8BCC-4CBB-AE1B-1B086168645D}.Release|Any CPU.ActiveCfg = Release|Any CPU
		{7A58AAD5-8BCC-4CBB-AE1B-1B086168645D}.Release|Any CPU.Build.0 = Release|Any CPU
		{202A9C31-FB0C-44A5-B515-226C71F1C211}.Debug|Any CPU.ActiveCfg = Debug|Any CPU
		{202A9C31-FB0C-44A5-B515-226C71F1C211}.Debug|Any CPU.Build.0 = Debug|Any CPU
		{202A9C31-FB0C-44A5-B515-226C71F1C211}.Release|Any CPU.ActiveCfg = Release|Any CPU
		{202A9C31-FB0C-44A5-B515-226C71F1C211}.Release|Any CPU.Build.0 = Release|Any CPU
		{4E3F9ED3-77A4-4ABB-8871-1B589E8D1457}.Debug|Any CPU.ActiveCfg = Debug|Any CPU
		{4E3F9ED3-77A4-4ABB-8871-1B589E8D1457}.Debug|Any CPU.Build.0 = Debug|Any CPU
		{4E3F9ED3-77A4-4ABB-8871-1B589E8D1457}.Release|Any CPU.ActiveCfg = Release|Any CPU
		{4E3F9ED3-77A4-4ABB-8871-1B589E8D1457}.Release|Any CPU.Build.0 = Release|Any CPU
		{2196457C-5B3A-4C1A-90B2-B0FB11D0D2CB}.Debug|Any CPU.ActiveCfg = Debug|Any CPU
		{2196457C-5B3A-4C1A-90B2-B0FB11D0D2CB}.Debug|Any CPU.Build.0 = Debug|Any CPU
		{2196457C-5B3A-4C1A-90B2-B0FB11D0D2CB}.Release|Any CPU.ActiveCfg = Release|Any CPU
		{2196457C-5B3A-4C1A-90B2-B0FB11D0D2CB}.Release|Any CPU.Build.0 = Release|Any CPU
	EndGlobalSection
	GlobalSection(SolutionProperties) = preSolution
		HideSolutionNode = FALSE
	EndGlobalSection
	GlobalSection(ExtensibilityGlobals) = postSolution
		SolutionGuid = {B77771D0-B7B6-4128-923F-8AC8EFAD526F}
	EndGlobalSection
EndGlobal
